{
  "name": "enterprise_ra",
  "version": "1.0.0",
  "lockfileVersion": 1,
  "requires": true,
  "dependencies": {
    "@babel/runtime": {
      "version": "7.15.3",
      "resolved": "https://registry.npmjs.org/@babel/runtime/-/runtime-7.15.3.tgz",
      "integrity": "sha512-OvwMLqNXkCXSz1kSm58sEsNuhqOx/fKpnUnKnFB5v8uDda5bLNEHNgKPvhDN6IU0LDcnHQ90LlJ0Q6jnyBSIBA==",
      "requires": {
        "regenerator-runtime": "^0.13.4"
      }
    },
    "@fullcalendar/common": {
      "version": "5.9.0",
      "resolved": "https://registry.npmjs.org/@fullcalendar/common/-/common-5.9.0.tgz",
      "integrity": "sha512-wfUDRg53gzUU7Ng1wqjvvM2ncFx+5PiyCq5k2KjEbMourv7m4Zw6B3xlhpQbfUv3WOnbJgwLLNLFEMcsEJpXBQ==",
      "requires": {
        "tslib": "^2.1.0"
      }
    },
    "@fullcalendar/core": {
      "version": "5.9.0",
      "resolved": "https://registry.npmjs.org/@fullcalendar/core/-/core-5.9.0.tgz",
      "integrity": "sha512-3+zSm8ykXqM2vEGYp4P/BEoR2TB0W9mN6zBGZ6SY9y0nC+Fc0+ZXJmFlYmrEYSdO4kmREnlxntkp1+o9mu8PIQ==",
      "requires": {
        "@fullcalendar/common": "~5.9.0",
        "preact": "^10.0.5",
        "tslib": "^2.1.0"
      }
    },
    "@fullcalendar/daygrid": {
      "version": "5.9.0",
      "resolved": "https://registry.npmjs.org/@fullcalendar/daygrid/-/daygrid-5.9.0.tgz",
      "integrity": "sha512-yTYjTM+bjTWfq5uUnSMBH4j1il+b0IAAe+q2UcAeky4iggwn9pi+taUtETtlPTQCSBSWaF8TuEZ3+apB0RrjyQ==",
      "requires": {
        "@fullcalendar/common": "~5.9.0",
        "tslib": "^2.1.0"
      }
    },
    "@fullcalendar/interaction": {
      "version": "5.9.0",
      "resolved": "https://registry.npmjs.org/@fullcalendar/interaction/-/interaction-5.9.0.tgz",
      "integrity": "sha512-bBvcY3Mh2z4rP5AqB8dL76SljPEVCVawNmdQlcKShedhxvkkMR1zMcJ3sgabLBvXqooC9f+PbmEb5LlSGEse3A==",
      "requires": {
        "@fullcalendar/common": "~5.9.0",
        "tslib": "^2.1.0"
      }
    },
    "@fullcalendar/react": {
      "version": "5.9.0",
      "resolved": "https://registry.npmjs.org/@fullcalendar/react/-/react-5.9.0.tgz",
      "integrity": "sha512-Di4V5RI0MSVEa4L9yues9f6VfAmuzZAr3EAaGzlA27GhDv+ofWoYoohPcAanRrExiCf2W4R2ZyecJh+/TRPshg==",
      "requires": {
        "@fullcalendar/common": "~5.9.0",
        "tslib": "^2.1.0"
      }
    },
    "@fullcalendar/timegrid": {
      "version": "5.9.0",
      "resolved": "https://registry.npmjs.org/@fullcalendar/timegrid/-/timegrid-5.9.0.tgz",
      "integrity": "sha512-X9JLepHz6hSuiziVkIlgBkx/W/5E4nIqJ6i0LISk3zPFH/Arn0QjQU345ISys8OTwezPUgJvLGrl4Yy4/gRULw==",
      "requires": {
        "@fullcalendar/common": "~5.9.0",
        "@fullcalendar/daygrid": "~5.9.0",
        "tslib": "^2.1.0"
      }
    },
    "@material-ui/lab": {
      "version": "4.0.0-alpha.56",
      "resolved": "https://registry.npmjs.org/@material-ui/lab/-/lab-4.0.0-alpha.56.tgz",
      "integrity": "sha512-xPlkK+z/6y/24ka4gVJgwPfoCF4RCh8dXb1BNE7MtF9bXEBLN/lBxNTK8VAa0qm3V2oinA6xtUIdcRh0aeRtVw==",
      "requires": {
        "@babel/runtime": "^7.4.4",
        "@material-ui/utils": "^4.10.2",
        "clsx": "^1.0.4",
        "prop-types": "^15.7.2",
        "react-is": "^16.8.0"
      }
    },
    "@material-ui/utils": {
      "version": "4.11.2",
      "resolved": "https://registry.npmjs.org/@material-ui/utils/-/utils-4.11.2.tgz",
      "integrity": "sha512-Uul8w38u+PICe2Fg2pDKCaIG7kOyhowZ9vjiC1FsVwPABTW8vPPKfF6OvxRq3IiBaI1faOJmgdvMG7rMJARBhA==",
      "requires": {
        "@babel/runtime": "^7.4.4",
        "prop-types": "^15.7.2",
        "react-is": "^16.8.0 || ^17.0.0"
      }
    },
    "@react-admin/ra-audit-log": {
      "version": "2.4.1",
      "resolved": "https://registry.marmelab.com/@react-admin%2fra-audit-log/-/ra-audit-log-2.4.1.tgz",
      "integrity": "sha512-ViswUSW/im210O/oGw894c78ySdIrplV/WrnlhsKvTn5KCZq9W25WraJArHsHmvsfUsEic5+tMEB1xv8UjzGBg==",
      "requires": {
        "date-fns": "^2.21.1"
      }
    },
    "@react-admin/ra-calendar": {
      "version": "1.1.2",
      "resolved": "https://registry.marmelab.com/@react-admin%2fra-calendar/-/ra-calendar-1.1.2.tgz",
      "integrity": "sha512-HtUAKxr9PP7SsePaO4RlG+CMYV/j+seYlkP4QFmWYbaGx1HhtZlrT02HwtHfbEexO426Rdv0jBjTEFqbctlsNQ==",
      "requires": {
        "@fullcalendar/core": "^5.7.2",
        "@fullcalendar/daygrid": "^5.7.2",
        "@fullcalendar/interaction": "^5.7.2",
        "@fullcalendar/react": "^5.7.2",
        "@fullcalendar/timegrid": "^5.7.2",
        "@react-admin/ra-form-layout": "^1.6.2",
        "date-fns": "^2.16.1"
      }
    },
    "@react-admin/ra-editable-datagrid": {
      "version": "2.0.1",
      "resolved": "https://registry.marmelab.com/@react-admin%2fra-editable-datagrid/-/ra-editable-datagrid-2.0.1.tgz",
      "integrity": "sha512-VhcnK2SDvYwPAURj0Kkrz3C2LIxJtrYnvApScjyXVSLEqvtG5BgmXg1MBb6t97NmSZQ4VmGIlVm7zGKe8gGRiw=="
    },
    "@react-admin/ra-enterprise": {
      "version": "4.2.1",
      "resolved": "https://registry.marmelab.com/@react-admin%2fra-enterprise/-/ra-enterprise-4.2.1.tgz",
      "integrity": "sha512-NJiDiQnzzFnJNRQcnjGO7gFIJESVuRLQSNayQT0BjYjd5G8FUdHi8S2l8gs5sMcGwBtNdxk37RUjWcieiWwZCw==",
      "requires": {
        "@react-admin/ra-audit-log": "^2.0.2",
        "@react-admin/ra-editable-datagrid": "^1.0.0",
        "@react-admin/ra-form-layout": "^1.0.0",
        "@react-admin/ra-markdown": "^1.0.0",
        "@react-admin/ra-navigation": "^2.0.0",
        "@react-admin/ra-preferences": "^1.0.0",
        "@react-admin/ra-realtime": "^1.0.0",
        "@react-admin/ra-relationships": "^2.0.0",
        "@react-admin/ra-search": "^2.2.0",
        "@react-admin/ra-tour": "^1.0.0",
        "@react-admin/ra-tree": "^1.0.0"
      },
      "dependencies": {
        "@react-admin/ra-editable-datagrid": {
          "version": "1.3.5",
          "resolved": "https://registry.marmelab.com/@react-admin%2fra-editable-datagrid/-/ra-editable-datagrid-1.3.5.tgz",
          "integrity": "sha512-A9J+ShwXiI/VygNcYOfUL7uDGMVxwkEdVz3ePMh2OZCDoAmi/3L1pAhJhy86vMgVFXASr/W1+N/BAdAQdJIooA=="
        }
      }
    },
    "@react-admin/ra-form-layout": {
      "version": "1.7.0",
      "resolved": "https://registry.marmelab.com/@react-admin%2fra-form-layout/-/ra-form-layout-1.7.0.tgz",
      "integrity": "sha512-77U+cHCkkKeUl4LZZlvoyfo/ftvxKMPKthohnm/VTUHL0DEwVIlgB+KolH9btpLWPhoUIoIbRJhFrElC4G7J3w=="
    },
    "@react-admin/ra-markdown": {
      "version": "1.3.1",
      "resolved": "https://registry.marmelab.com/@react-admin%2fra-markdown/-/ra-markdown-1.3.1.tgz",
      "integrity": "sha512-Rd7TXsW17xEMu4Lpsx5GiQuNME3mawFZz/Tq9+llOU6WbgPiynlXxnUG2GhHFlK6Z3hR8cIa72Thpmpr1ssX/g==",
      "requires": {
        "@toast-ui/react-editor": "^2.2.0"
      }
    },
    "@react-admin/ra-navigation": {
      "version": "2.3.4",
      "resolved": "https://registry.marmelab.com/@react-admin%2fra-navigation/-/ra-navigation-2.3.4.tgz",
      "integrity": "sha512-OWv9hGBRkRZjRD109EsXhj+FMiFl0RCyNgNunObKWxd516n1cota31ZDF9zP9pq+9phWOFWd/VpTALmgEMhSrA=="
    },
    "@react-admin/ra-preferences": {
      "version": "1.3.7",
      "resolved": "https://registry.marmelab.com/@react-admin%2fra-preferences/-/ra-preferences-1.3.7.tgz",
      "integrity": "sha512-3POJtCNTVkgMoznX4O1wzifvgb8HHIPhnP9FpNPnw29TSsDwqncZuxMuT6noen5AxknlajI8sr/kZ158MzHy/A=="
    },
    "@react-admin/ra-rbac": {
      "version": "1.0.0",
      "resolved": "https://registry.marmelab.com/@react-admin%2fra-rbac/-/ra-rbac-1.0.0.tgz",
      "integrity": "sha512-5aekG23UMv4QtkOKirnbR43TSi+MhBfQmyGSnf/44rxcRwvvwLAMW7hGxpZT5AdnKyBJCC1HtBwLQ33iLJ3PIw=="
    },
    "@react-admin/ra-realtime": {
      "version": "1.4.2",
      "resolved": "https://registry.marmelab.com/@react-admin%2fra-realtime/-/ra-realtime-1.4.2.tgz",
      "integrity": "sha512-BqtWctt4V+bdPopbp85J8oJJduYAhAGUniMjqPBcip1DHCAktEgaZTGm9ebXGzW5c25OkrCwYlK3ur1HmPgs5A==",
      "requires": {
        "event-source-polyfill": "^1.0.15",
        "querystring": "^0.2.0",
        "whatwg-fetch": "^3.0.0"
      }
    },
    "@react-admin/ra-relationships": {
      "version": "2.1.10",
      "resolved": "https://registry.marmelab.com/@react-admin%2fra-relationships/-/ra-relationships-2.1.10.tgz",
      "integrity": "sha512-638UCRTJA9uHaxf2txZRLl2qcWu0qaImE5fASaOrk0I95G2WfBhE+r41aS74QaQRKW6gA5y/3b0P+GGKnE0npw=="
    },
    "@react-admin/ra-search": {
      "version": "2.2.1",
      "resolved": "https://registry.marmelab.com/@react-admin%2fra-search/-/ra-search-2.2.1.tgz",
      "integrity": "sha512-qAfq1aH4ogUrcHTbKIii0MiPVhfeUMv8xutG898XUm2K61CqLcFxp1sn1YLlqGs8EdGMOIvYmNy/gSFH2AZdAg=="
    },
    "@react-admin/ra-tour": {
      "version": "1.2.0",
      "resolved": "https://registry.marmelab.com/@react-admin%2fra-tour/-/ra-tour-1.2.0.tgz",
      "integrity": "sha512-YHVehKLm03pzaVLhbpxl1Hfug+YkCs9xzhI5HMxCRlqO+uYnh6jROJh9CaRJRpGjTypLisS/8GEQll3ATxkz2w==",
      "requires": {
        "react-error-boundary": "^2.2.2",
        "react-joyride": "^2.2.1"
      }
    },
    "@react-admin/ra-tree": {
      "version": "1.6.7",
      "resolved": "https://registry.marmelab.com/@react-admin%2fra-tree/-/ra-tree-1.6.7.tgz",
      "integrity": "sha512-URqwfKFfvtzggRcFBR2zxXx1PwxWE+G6h7POetcGpbTSY6Ka5RwwaiOuimqw6sypEvxWp5lsMFeCduxpejMWBw==",
      "requires": {
        "prop-types": "^15.6.1",
        "rc-tree": "^3.1.5"
      }
    },
    "@toast-ui/editor": {
      "version": "2.5.3",
      "resolved": "https://registry.npmjs.org/@toast-ui/editor/-/editor-2.5.3.tgz",
      "integrity": "sha512-KKDBaB3fOylox1GZsfw0pDUOPFfpz9hqHmJvSwassWKeRUDkijJvpNdSwUn9jMxXSIvKqKoOxlv6say1JXxgAA==",
      "requires": {
        "@types/codemirror": "0.0.71",
        "codemirror": "^5.48.4"
      }
    },
    "@toast-ui/react-editor": {
      "version": "2.5.3",
      "resolved": "https://registry.npmjs.org/@toast-ui/react-editor/-/react-editor-2.5.3.tgz",
      "integrity": "sha512-cGZ95Hb2n3Fpt0XdznKf/o2DV1HglLRXBCon7ASZWJvyxnusavKZFqDlp5ulZtG5CUIHGk65cGWNpoEMTcDKgQ==",
      "requires": {
        "@toast-ui/editor": "^2.5.2"
      }
    },
    "@types/codemirror": {
      "version": "0.0.71",
      "resolved": "https://registry.npmjs.org/@types/codemirror/-/codemirror-0.0.71.tgz",
      "integrity": "sha512-b2oEEnno1LIGKMR7uBEsr40al1UijF1HEpRn0+Yf1xOLl24iQgB7DBpZVMM7y54G5wCNoclDrRO65E6KHPNO2w==",
      "requires": {
        "@types/tern": "*"
      }
    },
    "@types/estree": {
      "version": "0.0.50",
      "resolved": "https://registry.npmjs.org/@types/estree/-/estree-0.0.50.tgz",
      "integrity": "sha512-C6N5s2ZFtuZRj54k2/zyRhNDjJwwcViAM3Nbm8zjBpbqAdZ00mr0CFxvSKeO8Y/e03WVFLpQMdHYVfUd6SB+Hw=="
    },
    "@types/tern": {
      "version": "0.23.4",
      "resolved": "https://registry.npmjs.org/@types/tern/-/tern-0.23.4.tgz",
      "integrity": "sha512-JAUw1iXGO1qaWwEOzxTKJZ/5JxVeON9kvGZ/osgZaJImBnyjyn0cjovPsf6FNLmyGY8Vw9DoXZCMlfMkMwHRWg==",
      "requires": {
        "@types/estree": "*"
      }
    },
    "classnames": {
      "version": "2.3.1",
      "resolved": "https://registry.npmjs.org/classnames/-/classnames-2.3.1.tgz",
      "integrity": "sha512-OlQdbZ7gLfGarSqxesMesDa5uz7KFbID8Kpq/SxIoNGDqY8lSYs0D+hhtBXhcdB3rcbXArFr7vlHheLk1voeNA=="
    },
    "clsx": {
      "version": "1.1.1",
      "resolved": "https://registry.npmjs.org/clsx/-/clsx-1.1.1.tgz",
      "integrity": "sha512-6/bPho624p3S2pMyvP5kKBPXnI3ufHLObBFCfgx+LkeR5lg2XYy2hqZqUf45ypD8COn2bhgGJSUE+l5dhNBieA=="
    },
    "codemirror": {
      "version": "5.62.2",
      "resolved": "https://registry.npmjs.org/codemirror/-/codemirror-5.62.2.tgz",
      "integrity": "sha512-tVFMUa4J3Q8JUd1KL9yQzQB0/BJt7ZYZujZmTPgo/54Lpuq3ez4C8x/ATUY/wv7b7X3AUq8o3Xd+2C5ZrCGWHw=="
    },
    "date-fns": {
      "version": "2.23.0",
      "resolved": "https://registry.npmjs.org/date-fns/-/date-fns-2.23.0.tgz",
      "integrity": "sha512-5ycpauovVyAk0kXNZz6ZoB9AYMZB4DObse7P3BPWmyEjXNORTI8EJ6X0uaSAq4sCHzM1uajzrkr6HnsLQpxGXA=="
    },
    "deep-diff": {
      "version": "1.0.2",
      "resolved": "https://registry.npmjs.org/deep-diff/-/deep-diff-1.0.2.tgz",
      "integrity": "sha512-aWS3UIVH+NPGCD1kki+DCU9Dua032iSsO43LqQpcs4R3+dVv7tX0qBGjiVHJHjplsoUM2XRO/KB92glqc68awg=="
    },
    "deepmerge": {
      "version": "4.2.2",
      "resolved": "https://registry.npmjs.org/deepmerge/-/deepmerge-4.2.2.tgz",
      "integrity": "sha512-FJ3UgI4gIl+PHZm53knsuSFpE+nESMr7M4v9QcgB7S63Kj/6WqMiFQJpBBYz1Pt+66bZpP3Q7Lye0Oo9MPKEdg=="
    },
    "event-source-polyfill": {
      "version": "1.0.25",
      "resolved": "https://registry.npmjs.org/event-source-polyfill/-/event-source-polyfill-1.0.25.tgz",
      "integrity": "sha512-hQxu6sN1Eq4JjoI7ITdQeGGUN193A2ra83qC0Ltm9I2UJVAten3OFVN6k5RX4YWeCS0BoC8xg/5czOCIHVosQg=="
    },
    "exenv": {
      "version": "1.2.2",
      "resolved": "https://registry.npmjs.org/exenv/-/exenv-1.2.2.tgz",
      "integrity": "sha1-KueOhdmJQVhnCwPUe+wfA72Ru50="
    },
    "fast-deep-equal": {
      "version": "3.1.3",
      "resolved": "https://registry.npmjs.org/fast-deep-equal/-/fast-deep-equal-3.1.3.tgz",
      "integrity": "sha512-f3qQ9oQy9j2AhBe/H9VC91wLmKBCCU/gDOnKNAYG5hswO7BLKj09Hc5HYNz9cGI++xlpDCIgDaitVs03ATR84Q=="
    },
    "is-lite": {
      "version": "0.8.1",
      "resolved": "https://registry.npmjs.org/is-lite/-/is-lite-0.8.1.tgz",
      "integrity": "sha512-ekSwuewzOmwFnzzAOWuA5fRFPqOeTrLIL3GWT7hdVVi+oLuD+Rau8gCmkb94vH5hjXc1Q/CfIW/y/td1RrNQIg=="
    },
    "js-tokens": {
      "version": "4.0.0",
      "resolved": "https://registry.npmjs.org/js-tokens/-/js-tokens-4.0.0.tgz",
      "integrity": "sha512-RdJUflcE3cUzKiMqQgsCu06FPu9UdIJO0beYbPhHN4k6apgJtifcoCtT9bcxOpYBtpD2kCM6Sbzg4CausW/PKQ=="
    },
    "loose-envify": {
      "version": "1.4.0",
      "resolved": "https://registry.npmjs.org/loose-envify/-/loose-envify-1.4.0.tgz",
      "integrity": "sha512-lyuxPGr/Wfhrlem2CL/UcnUc1zcqKAImBDzukY7Y5F/yQiNdko6+fRLevlw1HgMySw7f611UIY408EtxRSoK3Q==",
      "requires": {
        "js-tokens": "^3.0.0 || ^4.0.0"
      }
    },
    "nested-property": {
      "version": "4.0.0",
      "resolved": "https://registry.npmjs.org/nested-property/-/nested-property-4.0.0.tgz",
      "integrity": "sha512-yFehXNWRs4cM0+dz7QxCd06hTbWbSkV0ISsqBfkntU6TOY4Qm3Q88fRRLOddkGh2Qq6dZvnKVAahfhjcUvLnyA=="
    },
    "object-assign": {
      "version": "4.1.1",
      "resolved": "https://registry.npmjs.org/object-assign/-/object-assign-4.1.1.tgz",
      "integrity": "sha1-IQmtx5ZYh8/AXLvUQsrIv7s2CGM="
    },
    "popper.js": {
      "version": "1.16.1",
      "resolved": "https://registry.npmjs.org/popper.js/-/popper.js-1.16.1.tgz",
      "integrity": "sha512-Wb4p1J4zyFTbM+u6WuO4XstYx4Ky9Cewe4DWrel7B0w6VVICvPwdOpotjzcf6eD8TsckVnIMNONQyPIUFOUbCQ=="
    },
    "preact": {
      "version": "10.5.14",
      "resolved": "https://registry.npmjs.org/preact/-/preact-10.5.14.tgz",
      "integrity": "sha512-KojoltCrshZ099ksUZ2OQKfbH66uquFoxHSbnwKbTJHeQNvx42EmC7wQVWNuDt6vC5s3nudRHFtKbpY4ijKlaQ=="
    },
    "prop-types": {
      "version": "15.7.2",
      "resolved": "https://registry.npmjs.org/prop-types/-/prop-types-15.7.2.tgz",
      "integrity": "sha512-8QQikdH7//R2vurIJSutZ1smHYTcLpRWEOlHnzcWHmBYrOGUysKwSsrC89BCiFj3CbrfJ/nXFdJepOVrY1GCHQ==",
      "requires": {
        "loose-envify": "^1.4.0",
        "object-assign": "^4.1.1",
        "react-is": "^16.8.1"
      }
    },
    "querystring": {
      "version": "0.2.1",
      "resolved": "https://registry.npmjs.org/querystring/-/querystring-0.2.1.tgz",
      "integrity": "sha512-wkvS7mL/JMugcup3/rMitHmd9ecIGd2lhFhK9N3UUQ450h66d1r3Y9nvXzQAW1Lq+wyx61k/1pfKS5KuKiyEbg=="
    },
    "rc-motion": {
      "version": "2.4.4",
      "resolved": "https://registry.npmjs.org/rc-motion/-/rc-motion-2.4.4.tgz",
      "integrity": "sha512-ms7n1+/TZQBS0Ydd2Q5P4+wJTSOrhIrwNxLXCZpR7Fa3/oac7Yi803HDALc2hLAKaCTQtw9LmQeB58zcwOsqlQ==",
      "requires": {
        "@babel/runtime": "^7.11.1",
        "classnames": "^2.2.1",
        "rc-util": "^5.2.1"
      }
    },
    "rc-resize-observer": {
      "version": "1.0.0",
      "resolved": "https://registry.npmjs.org/rc-resize-observer/-/rc-resize-observer-1.0.0.tgz",
      "integrity": "sha512-RgKGukg1mlzyGdvzF7o/LGFC8AeoMH9aGzXTUdp6m+OApvmRdUuOscq/Y2O45cJA+rXt1ApWlpFoOIioXL3AGg==",
      "requires": {
        "@babel/runtime": "^7.10.1",
        "classnames": "^2.2.1",
        "rc-util": "^5.0.0",
        "resize-observer-polyfill": "^1.5.1"
      }
    },
    "rc-tree": {
      "version": "3.11.0",
      "resolved": "https://registry.npmjs.org/rc-tree/-/rc-tree-3.11.0.tgz",
      "integrity": "sha512-3RxA6fckbzX7WOk7g4gvO6AOad0znc8QW2nsv1IXSiljQaIMiyx1AK0zhzIEtABgWKbIs9QkhnBvIAHS4Rn9LA==",
      "requires": {
        "@babel/runtime": "^7.10.1",
        "classnames": "2.x",
        "rc-motion": "^2.0.1",
        "rc-util": "^5.0.0",
        "rc-virtual-list": "^3.0.1"
      }
    },
    "rc-util": {
      "version": "5.13.2",
      "resolved": "https://registry.npmjs.org/rc-util/-/rc-util-5.13.2.tgz",
      "integrity": "sha512-eYc71XXGlp96RMzg01Mhq/T3BL6OOVTDSS0urFEuvpi+e7slhJRhaHGCKy2hqJm18m9ff7VoRoptplKu60dYog==",
      "requires": {
        "@babel/runtime": "^7.12.5",
        "react-is": "^16.12.0",
        "shallowequal": "^1.1.0"
      }
    },
    "rc-virtual-list": {
      "version": "3.3.0",
      "resolved": "https://registry.npmjs.org/rc-virtual-list/-/rc-virtual-list-3.3.0.tgz",
      "integrity": "sha512-lVXpGWC6yMdwV2SHo6kc63WlqjCnb3eO72V726KA2/wh9KA6wi/swcdR3zAowuA8hJxG/lRANmY5kpLZ+Pz3iQ==",
      "requires": {
        "classnames": "^2.2.6",
        "rc-resize-observer": "^1.0.0",
        "rc-util": "^5.0.7"
      }
    },
    "react-error-boundary": {
      "version": "2.3.2",
      "resolved": "https://registry.npmjs.org/react-error-boundary/-/react-error-boundary-2.3.2.tgz",
      "integrity": "sha512-ZMzi7s4pj/6A/6i9RS4tG7g1PdF2Rgr4/7FTQ8sbKHex19uNji0j+xq0OS//c6TUgQRKoL6P51BNNNFmYpRMhw==",
      "requires": {
        "@babel/runtime": "^7.11.2"
      }
    },
    "react-floater": {
      "version": "0.7.3",
      "resolved": "https://registry.npmjs.org/react-floater/-/react-floater-0.7.3.tgz",
      "integrity": "sha512-d1wAEph+xRxQ0RJ3woMmYLlZHTaCIsja7Bv6JNo2ezsVUgdMan4CxOR4Do4/xgpmRFfsQMdlygexLAZZypWirw==",
      "requires": {
        "deepmerge": "^4.2.2",
        "exenv": "^1.2.2",
        "is-lite": "^0.8.1",
        "popper.js": "^1.16.0",
        "react-proptype-conditional-require": "^1.0.4",
        "tree-changes": "^0.5.1"
      },
      "dependencies": {
        "nested-property": {
          "version": "1.0.1",
          "resolved": "https://registry.npmjs.org/nested-property/-/nested-property-1.0.1.tgz",
          "integrity": "sha512-BnBBoo/8bBNRdAnJc7+m79oWk7dXwW1+vCesaEQhfDGVwXGLMvmI4NwYgLTW94R/x+R2s/yr2g/hB/4w/YSAvA=="
        },
        "tree-changes": {
          "version": "0.5.1",
          "resolved": "https://registry.npmjs.org/tree-changes/-/tree-changes-0.5.1.tgz",
          "integrity": "sha512-O873xzV2xRZ6N059Mn06QzmGKEE21LlvIPbsk2G+GS9ZX5OCur6PIwuuh0rWpAPvLWQZPj0XObyG27zZyLHUzw==",
          "requires": {
            "deep-diff": "^1.0.2",
            "nested-property": "1.0.1"
          }
        }
      }
    },
    "react-is": {
      "version": "16.13.1",
      "resolved": "https://registry.npmjs.org/react-is/-/react-is-16.13.1.tgz",
      "integrity": "sha512-24e6ynE2H+OKt4kqsOvNd8kBpV65zoxbA4BVsEOB3ARVWQki/DHzaUoC5KuON/BiccDaCCTZBuOcfZs70kR8bQ=="
    },
    "react-joyride": {
      "version": "2.3.1",
      "resolved": "https://registry.npmjs.org/react-joyride/-/react-joyride-2.3.1.tgz",
      "integrity": "sha512-MmyhECU3V+4kZAJrcDPPXcXxaoTpwc7g+E7Cq6QZ5IqJZrWYSVvpVCfudQcdcf6BsNbgawRhvCvbQyeWoPtNig==",
      "requires": {
        "deep-diff": "^1.0.2",
        "deepmerge": "^4.2.2",
        "exenv": "^1.2.2",
        "is-lite": "^0.8.1",
        "nested-property": "^4.0.0",
        "react-floater": "^0.7.3",
        "react-is": "^16.13.1",
        "scroll": "^3.0.1",
        "scrollparent": "^2.0.1",
        "tree-changes": "^0.7.1"
      }
    },
    "react-proptype-conditional-require": {
      "version": "1.0.4",
      "resolved": "https://registry.npmjs.org/react-proptype-conditional-require/-/react-proptype-conditional-require-1.0.4.tgz",
      "integrity": "sha1-acLVdB5t9eCPIw82u8KUTuEiJVU="
    },
    "regenerator-runtime": {
      "version": "0.13.9",
      "resolved": "https://registry.npmjs.org/regenerator-runtime/-/regenerator-runtime-0.13.9.tgz",
      "integrity": "sha512-p3VT+cOEgxFsRRA9X4lkI1E+k2/CtnKtU4gcxyaCUreilL/vqI6CdZ3wxVUx3UOUg+gnUOQQcRI7BmSI656MYA=="
    },
    "resize-observer-polyfill": {
      "version": "1.5.1",
      "resolved": "https://registry.npmjs.org/resize-observer-polyfill/-/resize-observer-polyfill-1.5.1.tgz",
      "integrity": "sha512-LwZrotdHOo12nQuZlHEmtuXdqGoOD0OhaxopaNFxWzInpEgaLWoVuAMbTzixuosCx2nEG58ngzW3vxdWoxIgdg=="
    },
    "scroll": {
      "version": "3.0.1",
      "resolved": "https://registry.npmjs.org/scroll/-/scroll-3.0.1.tgz",
      "integrity": "sha512-pz7y517OVls1maEzlirKO5nPYle9AXsFzTMNJrRGmT951mzpIBy7sNHOg5o/0MQd/NqliCiWnAi0kZneMPFLcg=="
    },
    "scrollparent": {
      "version": "2.0.1",
      "resolved": "https://registry.npmjs.org/scrollparent/-/scrollparent-2.0.1.tgz",
      "integrity": "sha1-cV1bnMV3YPsivczDvvtb/gaxoxc="
    },
    "shallowequal": {
      "version": "1.1.0",
      "resolved": "https://registry.npmjs.org/shallowequal/-/shallowequal-1.1.0.tgz",
      "integrity": "sha512-y0m1JoUZSlPAjXVtPPW70aZWfIL/dSP7AFkRnniLCrK/8MDKog3TySTBmckD+RObVxH0v4Tox67+F14PdED2oQ=="
    },
    "tree-changes": {
      "version": "0.7.1",
      "resolved": "https://registry.npmjs.org/tree-changes/-/tree-changes-0.7.1.tgz",
      "integrity": "sha512-sPIt8PKDi0OQTglr7lsetcB9DU19Ls/ZgFSjFvK6DWJGisAn4sOxtjpmQfuqjexQE4UU9U53LNmataL1kRJ3Uw==",
      "requires": {
        "fast-deep-equal": "^3.1.3",
        "is-lite": "^0.8.1"
      }
    },
    "tslib": {
      "version": "2.3.0",
      "resolved": "https://registry.npmjs.org/tslib/-/tslib-2.3.0.tgz",
      "integrity": "sha512-N82ooyxVNm6h1riLCoyS9e3fuJ3AMG2zIZs2Gd1ATcSFjSA23Q0fzjjZeh0jbJvWVDZ0cJT8yaNNaaXHzueNjg=="
    },
    "whatwg-fetch": {
      "version": "3.6.2",
      "resolved": "https://registry.npmjs.org/whatwg-fetch/-/whatwg-fetch-3.6.2.tgz",
      "integrity": "sha512-bJlen0FcuU/0EMLrdbJ7zOnW6ITZLrZMIarMUVmdKtsGvZna8vxKYaexICWPfZ8qwf9fzNq+UEIZrnSaApt6RA=="
    }
  }
}
